// !$*UTF8*$!
{
	archiveVersion = 1;
	classes = {
	};
	objectVersion = 56;
	objects = {

/* Begin PBXBuildFile section */
		E01039582B2EB51200A1BDA2 /* TasksTableView.swift in Sources */ = {isa = PBXBuildFile; fileRef = E01039572B2EB51200A1BDA2 /* TasksTableView.swift */; };
		E010395D2B2F89A300A1BDA2 /* TaskViewController.swift in Sources */ = {isa = PBXBuildFile; fileRef = E010395C2B2F89A300A1BDA2 /* TaskViewController.swift */; };
		E035C0EE2B2CFF7700CFB3A1 /* PersistedTaskService.swift in Sources */ = {isa = PBXBuildFile; fileRef = E035C0ED2B2CFF7700CFB3A1 /* PersistedTaskService.swift */; };
		E04AA5F62B3622E70032C15C /* TaskViewModel.swift in Sources */ = {isa = PBXBuildFile; fileRef = E04AA5F52B3622E70032C15C /* TaskViewModel.swift */; };
		E04AA5F82B368C780032C15C /* TasksViewModel.swift in Sources */ = {isa = PBXBuildFile; fileRef = E04AA5F72B368C780032C15C /* TasksViewModel.swift */; };
		E0D50EB12B2FEF4F0073C176 /* AppCoordinator.swift in Sources */ = {isa = PBXBuildFile; fileRef = E0D50EB02B2FEF4F0073C176 /* AppCoordinator.swift */; };
		E0D50EB32B3012290073C176 /* TaskTableViewCell.swift in Sources */ = {isa = PBXBuildFile; fileRef = E0D50EB22B3012290073C176 /* TaskTableViewCell.swift */; };
		E0DB5BF72B2AB30B004CB938 /* AppDelegate.swift in Sources */ = {isa = PBXBuildFile; fileRef = E0DB5BF62B2AB30B004CB938 /* AppDelegate.swift */; };
		E0DB5BF92B2AB30B004CB938 /* SceneDelegate.swift in Sources */ = {isa = PBXBuildFile; fileRef = E0DB5BF82B2AB30B004CB938 /* SceneDelegate.swift */; };
		E0DB5BFB2B2AB30B004CB938 /* TasksViewController.swift in Sources */ = {isa = PBXBuildFile; fileRef = E0DB5BFA2B2AB30B004CB938 /* TasksViewController.swift */; };
		E0DB5C002B2AB30F004CB938 /* Assets.xcassets in Resources */ = {isa = PBXBuildFile; fileRef = E0DB5BFF2B2AB30F004CB938 /* Assets.xcassets */; };
		E0DB5C032B2AB30F004CB938 /* LaunchScreen.storyboard in Resources */ = {isa = PBXBuildFile; fileRef = E0DB5C012B2AB30F004CB938 /* LaunchScreen.storyboard */; };
		E0DB5C0C2B2AB42F004CB938 /* PersistedTask.swift in Sources */ = {isa = PBXBuildFile; fileRef = E0DB5C0B2B2AB42F004CB938 /* PersistedTask.swift */; };
		E0DB5C102B2CF65B004CB938 /* TaskModel.swift in Sources */ = {isa = PBXBuildFile; fileRef = E0DB5C0F2B2CF65B004CB938 /* TaskModel.swift */; };
/* End PBXBuildFile section */

/* Begin PBXFileReference section */
		E01039572B2EB51200A1BDA2 /* TasksTableView.swift */ = {isa = PBXFileReference; lastKnownFileType = sourcecode.swift; path = TasksTableView.swift; sourceTree = "<group>"; };
		E010395C2B2F89A300A1BDA2 /* TaskViewController.swift */ = {isa = PBXFileReference; lastKnownFileType = sourcecode.swift; path = TaskViewController.swift; sourceTree = "<group>"; };
		E035C0ED2B2CFF7700CFB3A1 /* PersistedTaskService.swift */ = {isa = PBXFileReference; lastKnownFileType = sourcecode.swift; path = PersistedTaskService.swift; sourceTree = "<group>"; };
		E04AA5F52B3622E70032C15C /* TaskViewModel.swift */ = {isa = PBXFileReference; lastKnownFileType = sourcecode.swift; path = TaskViewModel.swift; sourceTree = "<group>"; };
		E04AA5F72B368C780032C15C /* TasksViewModel.swift */ = {isa = PBXFileReference; lastKnownFileType = sourcecode.swift; path = TasksViewModel.swift; sourceTree = "<group>"; };
		E0D50EB02B2FEF4F0073C176 /* AppCoordinator.swift */ = {isa = PBXFileReference; lastKnownFileType = sourcecode.swift; path = AppCoordinator.swift; sourceTree = "<group>"; };
		E0D50EB22B3012290073C176 /* TaskTableViewCell.swift */ = {isa = PBXFileReference; lastKnownFileType = sourcecode.swift; path = TaskTableViewCell.swift; sourceTree = "<group>"; };
		E0DB5BF32B2AB30B004CB938 /* ToDo.app */ = {isa = PBXFileReference; explicitFileType = wrapper.application; includeInIndex = 0; path = ToDo.app; sourceTree = BUILT_PRODUCTS_DIR; };
		E0DB5BF62B2AB30B004CB938 /* AppDelegate.swift */ = {isa = PBXFileReference; lastKnownFileType = sourcecode.swift; path = AppDelegate.swift; sourceTree = "<group>"; };
		E0DB5BF82B2AB30B004CB938 /* SceneDelegate.swift */ = {isa = PBXFileReference; lastKnownFileType = sourcecode.swift; path = SceneDelegate.swift; sourceTree = "<group>"; };
		E0DB5BFA2B2AB30B004CB938 /* TasksViewController.swift */ = {isa = PBXFileReference; lastKnownFileType = sourcecode.swift; path = TasksViewController.swift; sourceTree = "<group>"; };
		E0DB5BFF2B2AB30F004CB938 /* Assets.xcassets */ = {isa = PBXFileReference; lastKnownFileType = folder.assetcatalog; path = Assets.xcassets; sourceTree = "<group>"; };
		E0DB5C022B2AB30F004CB938 /* Base */ = {isa = PBXFileReference; lastKnownFileType = file.storyboard; name = Base; path = Base.lproj/LaunchScreen.storyboard; sourceTree = "<group>"; };
		E0DB5C042B2AB30F004CB938 /* Info.plist */ = {isa = PBXFileReference; lastKnownFileType = text.plist.xml; path = Info.plist; sourceTree = "<group>"; };
		E0DB5C0B2B2AB42F004CB938 /* PersistedTask.swift */ = {isa = PBXFileReference; lastKnownFileType = sourcecode.swift; path = PersistedTask.swift; sourceTree = "<group>"; };
		E0DB5C0F2B2CF65B004CB938 /* TaskModel.swift */ = {isa = PBXFileReference; lastKnownFileType = sourcecode.swift; path = TaskModel.swift; sourceTree = "<group>"; };
/* End PBXFileReference section */

/* Begin PBXFrameworksBuildPhase section */
		E0DB5BF02B2AB30B004CB938 /* Frameworks */ = {
			isa = PBXFrameworksBuildPhase;
			buildActionMask = 2147483647;
			files = (
			);
			runOnlyForDeploymentPostprocessing = 0;
		};
/* End PBXFrameworksBuildPhase section */

/* Begin PBXGroup section */
		E01039522B2E0B6200A1BDA2 /* PersistanceLayer */ = {
			isa = PBXGroup;
			children = (
				E0DB5C0B2B2AB42F004CB938 /* PersistedTask.swift */,
				E035C0ED2B2CFF7700CFB3A1 /* PersistedTaskService.swift */,
			);
			path = PersistanceLayer;
			sourceTree = "<group>";
		};
		E01039532B2E0EFC00A1BDA2 /* ViewLayer */ = {
			isa = PBXGroup;
			children = (
				E01039562B2EB4FD00A1BDA2 /* TasksView */,
				E04AA5F42B3622C20032C15C /* TaskView */,
			);
			path = ViewLayer;
			sourceTree = "<group>";
		};
		E01039562B2EB4FD00A1BDA2 /* TasksView */ = {
			isa = PBXGroup;
			children = (
				E01039572B2EB51200A1BDA2 /* TasksTableView.swift */,
				E0DB5BFA2B2AB30B004CB938 /* TasksViewController.swift */,
				E04AA5F72B368C780032C15C /* TasksViewModel.swift */,
				E0D50EB22B3012290073C176 /* TaskTableViewCell.swift */,
			);
			path = TasksView;
			sourceTree = "<group>";
		};
		E04AA5F42B3622C20032C15C /* TaskView */ = {
			isa = PBXGroup;
			children = (
				E010395C2B2F89A300A1BDA2 /* TaskViewController.swift */,
				E04AA5F52B3622E70032C15C /* TaskViewModel.swift */,
			);
			path = TaskView;
			sourceTree = "<group>";
		};
		E0DB5BEA2B2AB30B004CB938 = {
			isa = PBXGroup;
			children = (
				E0DB5BF52B2AB30B004CB938 /* ToDo */,
				E0DB5BF42B2AB30B004CB938 /* Products */,
			);
			sourceTree = "<group>";
		};
		E0DB5BF42B2AB30B004CB938 /* Products */ = {
			isa = PBXGroup;
			children = (
				E0DB5BF32B2AB30B004CB938 /* ToDo.app */,
			);
			name = Products;
			sourceTree = "<group>";
		};
		E0DB5BF52B2AB30B004CB938 /* ToDo */ = {
			isa = PBXGroup;
			children = (
				E0DB5BF62B2AB30B004CB938 /* AppDelegate.swift */,
				E0DB5BF82B2AB30B004CB938 /* SceneDelegate.swift */,
				E0D50EB02B2FEF4F0073C176 /* AppCoordinator.swift */,
				E0DB5BFF2B2AB30F004CB938 /* Assets.xcassets */,
				E0DB5C042B2AB30F004CB938 /* Info.plist */,
				E0DB5C012B2AB30F004CB938 /* LaunchScreen.storyboard */,
				E0DB5C112B2CF669004CB938 /* Models */,
				E01039522B2E0B6200A1BDA2 /* PersistanceLayer */,
				E01039532B2E0EFC00A1BDA2 /* ViewLayer */,
			);
			path = ToDo;
			sourceTree = "<group>";
		};
		E0DB5C112B2CF669004CB938 /* Models */ = {
			isa = PBXGroup;
			children = (
				E0DB5C0F2B2CF65B004CB938 /* TaskModel.swift */,
			);
			path = Models;
			sourceTree = "<group>";
		};
/* End PBXGroup section */

/* Begin PBXNativeTarget section */
		E0DB5BF22B2AB30B004CB938 /* ToDo */ = {
			isa = PBXNativeTarget;
			buildConfigurationList = E0DB5C072B2AB30F004CB938 /* Build configuration list for PBXNativeTarget "ToDo" */;
			buildPhases = (
				E0DB5BEF2B2AB30B004CB938 /* Sources */,
				E0DB5BF02B2AB30B004CB938 /* Frameworks */,
				E0DB5BF12B2AB30B004CB938 /* Resources */,
			);
			buildRules = (
			);
			dependencies = (
			);
			name = ToDo;
			productName = "ToDo-Dan";
			productReference = E0DB5BF32B2AB30B004CB938 /* ToDo.app */;
			productType = "com.apple.product-type.application";
		};
/* End PBXNativeTarget section */

/* Begin PBXProject section */
		E0DB5BEB2B2AB30B004CB938 /* Project object */ = {
			isa = PBXProject;
			attributes = {
				BuildIndependentTargetsInParallel = 1;
				LastSwiftUpdateCheck = 1510;
				LastUpgradeCheck = 1510;
				TargetAttributes = {
					E0DB5BF22B2AB30B004CB938 = {
						CreatedOnToolsVersion = 15.1;
					};
				};
			};
			buildConfigurationList = E0DB5BEE2B2AB30B004CB938 /* Build configuration list for PBXProject "ToDo" */;
			compatibilityVersion = "Xcode 14.0";
			developmentRegion = en;
			hasScannedForEncodings = 0;
			knownRegions = (
				en,
				Base,
			);
			mainGroup = E0DB5BEA2B2AB30B004CB938;
			productRefGroup = E0DB5BF42B2AB30B004CB938 /* Products */;
			projectDirPath = "";
			projectRoot = "";
			targets = (
				E0DB5BF22B2AB30B004CB938 /* ToDo */,
			);
		};
/* End PBXProject section */

/* Begin PBXResourcesBuildPhase section */
		E0DB5BF12B2AB30B004CB938 /* Resources */ = {
			isa = PBXResourcesBuildPhase;
			buildActionMask = 2147483647;
			files = (
				E0DB5C032B2AB30F004CB938 /* LaunchScreen.storyboard in Resources */,
				E0DB5C002B2AB30F004CB938 /* Assets.xcassets in Resources */,
			);
			runOnlyForDeploymentPostprocessing = 0;
		};
/* End PBXResourcesBuildPhase section */

/* Begin PBXSourcesBuildPhase section */
		E0DB5BEF2B2AB30B004CB938 /* Sources */ = {
			isa = PBXSourcesBuildPhase;
			buildActionMask = 2147483647;
			files = (
				E04AA5F62B3622E70032C15C /* TaskViewModel.swift in Sources */,
				E04AA5F82B368C780032C15C /* TasksViewModel.swift in Sources */,
				E0DB5C102B2CF65B004CB938 /* TaskModel.swift in Sources */,
				E035C0EE2B2CFF7700CFB3A1 /* PersistedTaskService.swift in Sources */,
				E0D50EB32B3012290073C176 /* TaskTableViewCell.swift in Sources */,
				E0D50EB12B2FEF4F0073C176 /* AppCoordinator.swift in Sources */,
				E0DB5C0C2B2AB42F004CB938 /* PersistedTask.swift in Sources */,
				E01039582B2EB51200A1BDA2 /* TasksTableView.swift in Sources */,
				E0DB5BFB2B2AB30B004CB938 /* TasksViewController.swift in Sources */,
				E0DB5BF72B2AB30B004CB938 /* AppDelegate.swift in Sources */,
				E0DB5BF92B2AB30B004CB938 /* SceneDelegate.swift in Sources */,
				E010395D2B2F89A300A1BDA2 /* TaskViewController.swift in Sources */,
			);
			runOnlyForDeploymentPostprocessing = 0;
		};
/* End PBXSourcesBuildPhase section */

/* Begin PBXVariantGroup section */
		E0DB5C012B2AB30F004CB938 /* LaunchScreen.storyboard */ = {
			isa = PBXVariantGroup;
			children = (
				E0DB5C022B2AB30F004CB938 /* Base */,
			);
			name = LaunchScreen.storyboard;
			sourceTree = "<group>";
		};
/* End PBXVariantGroup section */

/* Begin XCBuildConfiguration section */
		E0DB5C052B2AB30F004CB938 /* Debug */ = {
			isa = XCBuildConfiguration;
			buildSettings = {
				ALWAYS_SEARCH_USER_PATHS = NO;
				ASSETCATALOG_COMPILER_GENERATE_SWIFT_ASSET_SYMBOL_EXTENSIONS = YES;
				CLANG_ANALYZER_NONNULL = YES;
				CLANG_ANALYZER_NUMBER_OBJECT_CONVERSION = YES_AGGRESSIVE;
				CLANG_CXX_LANGUAGE_STANDARD = "gnu++20";
				CLANG_ENABLE_MODULES = YES;
				CLANG_ENABLE_OBJC_ARC = YES;
				CLANG_ENABLE_OBJC_WEAK = YES;
				CLANG_WARN_BLOCK_CAPTURE_AUTORELEASING = YES;
				CLANG_WARN_BOOL_CONVERSION = YES;
				CLANG_WARN_COMMA = YES;
				CLANG_WARN_CONSTANT_CONVERSION = YES;
				CLANG_WARN_DEPRECATED_OBJC_IMPLEMENTATIONS = YES;
				CLANG_WARN_DIRECT_OBJC_ISA_USAGE = YES_ERROR;
				CLANG_WARN_DOCUMENTATION_COMMENTS = YES;
				CLANG_WARN_EMPTY_BODY = YES;
				CLANG_WARN_ENUM_CONVERSION = YES;
				CLANG_WARN_INFINITE_RECURSION = YES;
				CLANG_WARN_INT_CONVERSION = YES;
				CLANG_WARN_NON_LITERAL_NULL_CONVERSION = YES;
				CLANG_WARN_OBJC_IMPLICIT_RETAIN_SELF = YES;
				CLANG_WARN_OBJC_LITERAL_CONVERSION = YES;
				CLANG_WARN_OBJC_ROOT_CLASS = YES_ERROR;
				CLANG_WARN_QUOTED_INCLUDE_IN_FRAMEWORK_HEADER = YES;
				CLANG_WARN_RANGE_LOOP_ANALYSIS = YES;
				CLANG_WARN_STRICT_PROTOTYPES = YES;
				CLANG_WARN_SUSPICIOUS_MOVE = YES;
				CLANG_WARN_UNGUARDED_AVAILABILITY = YES_AGGRESSIVE;
				CLANG_WARN_UNREACHABLE_CODE = YES;
				CLANG_WARN__DUPLICATE_METHOD_MATCH = YES;
				COPY_PHASE_STRIP = NO;
				DEBUG_INFORMATION_FORMAT = dwarf;
				ENABLE_STRICT_OBJC_MSGSEND = YES;
				ENABLE_TESTABILITY = YES;
				ENABLE_USER_SCRIPT_SANDBOXING = YES;
				GCC_C_LANGUAGE_STANDARD = gnu17;
				GCC_DYNAMIC_NO_PIC = NO;
				GCC_NO_COMMON_BLOCKS = YES;
				GCC_OPTIMIZATION_LEVEL = 0;
				GCC_PREPROCESSOR_DEFINITIONS = (
					"DEBUG=1",
					"$(inherited)",
				);
				GCC_WARN_64_TO_32_BIT_CONVERSION = YES;
				GCC_WARN_ABOUT_RETURN_TYPE = YES_ERROR;
				GCC_WARN_UNDECLARED_SELECTOR = YES;
				GCC_WARN_UNINITIALIZED_AUTOS = YES_AGGRESSIVE;
				GCC_WARN_UNUSED_FUNCTION = YES;
				GCC_WARN_UNUSED_VARIABLE = YES;
				IPHONEOS_DEPLOYMENT_TARGET = 17.2;
				LOCALIZATION_PREFERS_STRING_CATALOGS = YES;
				MTL_ENABLE_DEBUG_INFO = INCLUDE_SOURCE;
				MTL_FAST_MATH = YES;
				ONLY_ACTIVE_ARCH = YES;
				SDKROOT = iphoneos;
				SWIFT_ACTIVE_COMPILATION_CONDITIONS = "DEBUG $(inherited)";
				SWIFT_OPTIMIZATION_LEVEL = "-Onone";
			};
			name = Debug;
		};
		E0DB5C062B2AB30F004CB938 /* Release */ = {
			isa = XCBuildConfiguration;
			buildSettings = {
				ALWAYS_SEARCH_USER_PATHS = NO;
				ASSETCATALOG_COMPILER_GENERATE_SWIFT_ASSET_SYMBOL_EXTENSIONS = YES;
				CLANG_ANALYZER_NONNULL = YES;
				CLANG_ANALYZER_NUMBER_OBJECT_CONVERSION = YES_AGGRESSIVE;
				CLANG_CXX_LANGUAGE_STANDARD = "gnu++20";
				CLANG_ENABLE_MODULES = YES;
				CLANG_ENABLE_OBJC_ARC = YES;
				CLANG_ENABLE_OBJC_WEAK = YES;
				CLANG_WARN_BLOCK_CAPTURE_AUTORELEASING = YES;
				CLANG_WARN_BOOL_CONVERSION = YES;
				CLANG_WARN_COMMA = YES;
				CLANG_WARN_CONSTANT_CONVERSION = YES;
				CLANG_WARN_DEPRECATED_OBJC_IMPLEMENTATIONS = YES;
				CLANG_WARN_DIRECT_OBJC_ISA_USAGE = YES_ERROR;
				CLANG_WARN_DOCUMENTATION_COMMENTS = YES;
				CLANG_WARN_EMPTY_BODY = YES;
				CLANG_WARN_ENUM_CONVERSION = YES;
				CLANG_WARN_INFINITE_RECURSION = YES;
				CLANG_WARN_INT_CONVERSION = YES;
				CLANG_WARN_NON_LITERAL_NULL_CONVERSION = YES;
				CLANG_WARN_OBJC_IMPLICIT_RETAIN_SELF = YES;
				CLANG_WARN_OBJC_LITERAL_CONVERSION = YES;
				CLANG_WARN_OBJC_ROOT_CLASS = YES_ERROR;
				CLANG_WARN_QUOTED_INCLUDE_IN_FRAMEWORK_HEADER = YES;
				CLANG_WARN_RANGE_LOOP_ANALYSIS = YES;
				CLANG_WARN_STRICT_PROTOTYPES = YES;
				CLANG_WARN_SUSPICIOUS_MOVE = YES;
				CLANG_WARN_UNGUARDED_AVAILABILITY = YES_AGGRESSIVE;
				CLANG_WARN_UNREACHABLE_CODE = YES;
				CLANG_WARN__DUPLICATE_METHOD_MATCH = YES;
				COPY_PHASE_STRIP = NO;
				DEBUG_INFORMATION_FORMAT = "dwarf-with-dsym";
				ENABLE_NS_ASSERTIONS = NO;
				ENABLE_STRICT_OBJC_MSGSEND = YES;
				ENABLE_USER_SCRIPT_SANDBOXING = YES;
				GCC_C_LANGUAGE_STANDARD = gnu17;
				GCC_NO_COMMON_BLOCKS = YES;
				GCC_WARN_64_TO_32_BIT_CONVERSION = YES;
				GCC_WARN_ABOUT_RETURN_TYPE = YES_ERROR;
				GCC_WARN_UNDECLARED_SELECTOR = YES;
				GCC_WARN_UNINITIALIZED_AUTOS = YES_AGGRESSIVE;
				GCC_WARN_UNUSED_FUNCTION = YES;
				GCC_WARN_UNUSED_VARIABLE = YES;
				IPHONEOS_DEPLOYMENT_TARGET = 17.2;
				LOCALIZATION_PREFERS_STRING_CATALOGS = YES;
				MTL_ENABLE_DEBUG_INFO = NO;
				MTL_FAST_MATH = YES;
				SDKROOT = iphoneos;
				SWIFT_COMPILATION_MODE = wholemodule;
				VALIDATE_PRODUCT = YES;
			};
			name = Release;
		};
		E0DB5C082B2AB30F004CB938 /* Debug */ = {
			isa = XCBuildConfiguration;
			buildSettings = {
				ASSETCATALOG_COMPILER_APPICON_NAME = AppIcon;
				ASSETCATALOG_COMPILER_GLOBAL_ACCENT_COLOR_NAME = AccentColor;
				CODE_SIGN_STYLE = Automatic;
				CURRENT_PROJECT_VERSION = 1;
				DEVELOPMENT_TEAM = 3X2G87C25R;
				GENERATE_INFOPLIST_FILE = YES;
				INFOPLIST_FILE = ToDo/Info.plist;
				INFOPLIST_KEY_CFBundleDisplayName = "ToDo-Dan";
				INFOPLIST_KEY_UIApplicationSupportsIndirectInputEvents = YES;
				INFOPLIST_KEY_UILaunchStoryboardName = LaunchScreen;
				INFOPLIST_KEY_UIMainStoryboardFile = "";
				INFOPLIST_KEY_UISupportedInterfaceOrientations = "UIInterfaceOrientationLandscapeLeft UIInterfaceOrientationLandscapeRight UIInterfaceOrientationPortrait UIInterfaceOrientationPortraitUpsideDown";
				LD_RUNPATH_SEARCH_PATHS = (
					"$(inherited)",
					"@executable_path/Frameworks",
				);
				MARKETING_VERSION = 1.0;
				PRODUCT_BUNDLE_IDENTIFIER = "koza.ToDo-Dan";
				PRODUCT_NAME = "$(TARGET_NAME)";
				SWIFT_EMIT_LOC_STRINGS = YES;
				SWIFT_STRICT_CONCURRENCY = targeted;
				SWIFT_VERSION = 5.0;
				TARGETED_DEVICE_FAMILY = "1,2";
			};
			name = Debug;
		};
		E0DB5C092B2AB30F004CB938 /* Release */ = {
			isa = XCBuildConfiguration;
			buildSettings = {
				ASSETCATALOG_COMPILER_APPICON_NAME = AppIcon;
				ASSETCATALOG_COMPILER_GLOBAL_ACCENT_COLOR_NAME = AccentColor;
				CODE_SIGN_STYLE = Automatic;
				CURRENT_PROJECT_VERSION = 1;
				DEVELOPMENT_TEAM = 3X2G87C25R;
				GENERATE_INFOPLIST_FILE = YES;
				INFOPLIST_FILE = ToDo/Info.plist;
				INFOPLIST_KEY_CFBundleDisplayName = "ToDo-Dan";
				INFOPLIST_KEY_UIApplicationSupportsIndirectInputEvents = YES;
				INFOPLIST_KEY_UILaunchStoryboardName = LaunchScreen;
				INFOPLIST_KEY_UIMainStoryboardFile = "";
				INFOPLIST_KEY_UISupportedInterfaceOrientations = "UIInterfaceOrientationLandscapeLeft UIInterfaceOrientationLandscapeRight UIInterfaceOrientationPortrait UIInterfaceOrientationPortraitUpsideDown";
				LD_RUNPATH_SEARCH_PATHS = (
					"$(inherited)",
					"@executable_path/Frameworks",
				);
				MARKETING_VERSION = 1.0;
				PRODUCT_BUNDLE_IDENTIFIER = "koza.ToDo-Dan";
				PRODUCT_NAME = "$(TARGET_NAME)";
				SWIFT_EMIT_LOC_STRINGS = YES;
				SWIFT_STRICT_CONCURRENCY = targeted;
				SWIFT_VERSION = 5.0;
				TARGETED_DEVICE_FAMILY = "1,2";
			};
			name = Release;
		};
/* End XCBuildConfiguration section */

/* Begin XCConfigurationList section */
		E0DB5BEE2B2AB30B004CB938 /* Build configuration list for PBXProject "ToDo" */ = {
			isa = XCConfigurationList;
			buildConfigurations = (
				E0DB5C052B2AB30F004CB938 /* Debug */,
				E0DB5C062B2AB30F004CB938 /* Release */,
			);
			defaultConfigurationIsVisible = 0;
			defaultConfigurationName = Release;
		};
		E0DB5C072B2AB30F004CB938 /* Build configuration list for PBXNativeTarget "ToDo" */ = {
			isa = XCConfigurationList;
			buildConfigurations = (
				E0DB5C082B2AB30F004CB938 /* Debug */,
				E0DB5C092B2AB30F004CB938 /* Release */,
			);
			defaultConfigurationIsVisible = 0;
			defaultConfigurationName = Release;
		};
/* End XCConfigurationList section */
	};
	rootObject = E0DB5BEB2B2AB30B004CB938 /* Project object */;
}
